github.com/bearmini/sexp v0.0.0-20191205053723-4d6fd06e9966 h1:F2fV8U1A/Ixls70QJxio3n5RvgEuxKVhl+Zl/P61wKY=
github.com/bearmini/sexp v0.0.0-20191205053723-4d6fd06e9966/go.mod h1:LabkddWQoBcgpdF80OV/reaipcpgygQlpJpHdpeUayk=
github.com/bearmini/sexp v0.0.0-20191205073053-a6770b8579fc h1:yUYeSBFjNA/kmGMVgr6EvSQTG19V/xXErxQfMNa+o2Q=
github.com/bearmini/sexp v0.0.0-20191205073053-a6770b8579fc/go.mod h1:LabkddWQoBcgpdF80OV/reaipcpgygQlpJpHdpeUayk=
github.com/bearmini/sexp v0.0.0-20191206064629-6f9addaf3d19 h1:y/iXw89qkQtJ2zIgq1cDBRQKxRYKJD2RMcCGmMveTEI=
github.com/bearmini/sexp v0.0.0-20191206064629-6f9addaf3d19/go.mod h1:LabkddWQoBcgpdF80OV/reaipcpgygQlpJpHdpeUayk=
github.com/bearmini/sexp v0.0.0-20191208134133-89424404ac18 h1:YxE5kSnhqFphGWXOHY4MAZ8U2T7zSJKgXtMz5OUzcPI=
github.com/bearmini/sexp v0.0.0-20191208134133-89424404ac18/go.mod h1:LabkddWQoBcgpdF80OV/reaipcpgygQlpJpHdpeUayk=
github.com/bearmini/sexp v0.0.0-20191210055656-f9a27232adaa h1:bQiMfWswnGAx7L4CAa4EHD68X4xDS/GhJkKkg7Dfb3g=
github.com/bearmini/sexp v0.0.0-20191210055656-f9a27232adaa/go.mod h1:LabkddWQoBcgpdF80OV/reaipcpgygQlpJpHdpeUayk=
github.com/jessevdk/go-flags v1.4.0 h1:4IU2WS7AumrZ/40jfhf4QVDMsQwqA7VEHozFRrGARJA=
github.com/jessevdk/go-flags v1.4.0/go.mod h1:4FA24M0QyGHXBuZZK/XkWh8h0e1EYbRYJSGM75WSRxI=
github.com/kylelemons/godebug v1.1.0 h1:RPNrshWIDI6G2gRW9EHilWtl7Z6Sb1BR0xunSBf0SNc=
github.com/kylelemons/godebug v1.1.0/go.mod h1:9/0rRGxNHcop5bhtWyNeEfOS8JIWk580+fNqagV/RAw=
github.com/nsf/sexp v0.0.0-20130620094510-d3d2f2591f1d h1:WpcnBFcUqwixsy144U4Z1OwsVhNfsCUgwDhFC9GQ6Lg=
github.com/nsf/sexp v0.0.0-20130620094510-d3d2f2591f1d/go.mod h1:j03Rsepo03350Rt/HWJob95loRlZfQoivqII1FvfP+I=
github.com/pkg/errors v0.8.1 h1:iURUrRGxPUNPdy5/HRSm+Yj6okJ6UtLINN0Q9M4+h3I=
github.com/pkg/errors v0.8.1/go.mod h1:bwawxfHBFNV+L2hUp1rHADufV3IMtnDRdf1r5NINEl0=
